
Microsoft Visual Studio Solution File, Format Version 12.00
# Visual Studio Version 16
VisualStudioVersion = 16.0.30717.126
MinimumVisualStudioVersion = 10.0.40219.1
Project("{FAE04EC0-301F-11D3-BF4B-00C04F79EFBC}") = "GA-CarArrangementSystem-SPA", "GA-CarArrangementSystem-SPA\GA-CarArrangementSystem-SPA.csproj", "{D6A92857-573B-466B-9B2B-D7F9C39956A5}"
EndProject
Global
	GlobalSection(SolutionConfigurationPlatforms) = preSolution
		Debug|Any CPU = Debug|Any CPU
		Release|Any CPU = Release|Any CPU
	EndGlobalSection
	GlobalSection(ProjectConfigurationPlatforms) = postSolution
		{D6A92857-573B-466B-9B2B-D7F9C39956A5}.Debug|Any CPU.ActiveCfg = Debug|Any CPU
		{D6A92857-573B-466B-9B2B-D7F9C39956A5}.Debug|Any CPU.Build.0 = Debug|Any CPU
		{D6A92857-573B-466B-9B2B-D7F9C39956A5}.Release|Any CPU.ActiveCfg = Release|Any CPU
		{D6A92857-573B-466B-9B2B-D7F9C39956A5}.Release|Any CPU.Build.0 = Release|Any CPU
	EndGlobalSection
	GlobalSection(SolutionProperties) = preSolution
		HideSolutionNode = FALSE
	EndGlobalSection
	GlobalSection(ExtensibilityGlobals) = postSolution
		SolutionGuid = {927C1925-1C9B-4BA6-953C-1C08258DFCB0}
	EndGlobalSection
EndGlobal
